
Microsoft Visual Studio Solution File, Format Version 12.00
# Visual Studio Version 16
VisualStudioVersion = 16.0.32413.511
MinimumVisualStudioVersion = 10.0.40219.1
Project("{FAE04EC0-301F-11D3-BF4B-00C04F79EFBC}") = "01Test", "01Test\01Test.csproj", "{7CB64AA3-E561-43F5-BC9C-F481CC00372A}"
EndProject
Global
	GlobalSection(SolutionConfigurationPlatforms) = preSolution
		Debug|Any CPU = Debug|Any CPU
		Release|Any CPU = Release|Any CPU
	EndGlobalSection
	GlobalSection(ProjectConfigurationPlatforms) = postSolution
		{7CB64AA3-E561-43F5-BC9C-F481CC00372A}.Debug|Any CPU.ActiveCfg = Debug|Any CPU
		{7CB64AA3-E561-43F5-BC9C-F481CC00372A}.Debug|Any CPU.Build.0 = Debug|Any CPU
		{7CB64AA3-E561-43F5-BC9C-F481CC00372A}.Release|Any CPU.ActiveCfg = Release|Any CPU
		{7CB64AA3-E561-43F5-BC9C-F481CC00372A}.Release|Any CPU.Build.0 = Release|Any CPU
	EndGlobalSection
	GlobalSection(SolutionProperties) = preSolution
		HideSolutionNode = FALSE
	EndGlobalSection
	GlobalSection(ExtensibilityGlobals) = postSolution
		SolutionGuid = {3E7CE680-B7EE-44D6-89C7-7C138FD5935F}
	EndGlobalSection
EndGlobal
